
Microsoft Visual Studio Solution File, Format Version 11.00
# Visual Studio 2010
Project("{8BC9CEB8-8B4A-11D0-8D11-00A0C91BC942}") = "顺序表", "..\..\顺序表\顺序表\顺序表.vcxproj", "{BBF75A6F-2472-4D68-AD62-63B770DF0F38}"
EndProject
Global
	GlobalSection(SolutionConfigurationPlatforms) = preSolution
		Debug|Win32 = Debug|Win32
		Release|Win32 = Release|Win32
	EndGlobalSection
	GlobalSection(ProjectConfigurationPlatforms) = postSolution
		{BBF75A6F-2472-4D68-AD62-63B770DF0F38}.Debug|Win32.ActiveCfg = Debug|Win32
		{BBF75A6F-2472-4D68-AD62-63B770DF0F38}.Debug|Win32.Build.0 = Debug|Win32
		{BBF75A6F-2472-4D68-AD62-63B770DF0F38}.Release|Win32.ActiveCfg = Release|Win32
		{BBF75A6F-2472-4D68-AD62-63B770DF0F38}.Release|Win32.Build.0 = Release|Win32
	EndGlobalSection
	GlobalSection(SolutionProperties) = preSolution
		HideSolutionNode = FALSE
	EndGlobalSection
EndGlobal
