
Microsoft Visual Studio Solution File, Format Version 11.00
# Visual Studio 2010
Project("{8BC9CEB8-8B4A-11D0-8D11-00A0C91BC942}") = "Huffman new", "Huffman new\Huffman new.vcxproj", "{F1F36D11-A456-4B04-ABD2-F82EB77298BC}"
EndProject
Global
	GlobalSection(SolutionConfigurationPlatforms) = preSolution
		Debug|Win32 = Debug|Win32
		Release|Win32 = Release|Win32
	EndGlobalSection
	GlobalSection(ProjectConfigurationPlatforms) = postSolution
		{F1F36D11-A456-4B04-ABD2-F82EB77298BC}.Debug|Win32.ActiveCfg = Debug|Win32
		{F1F36D11-A456-4B04-ABD2-F82EB77298BC}.Debug|Win32.Build.0 = Debug|Win32
		{F1F36D11-A456-4B04-ABD2-F82EB77298BC}.Release|Win32.ActiveCfg = Release|Win32
		{F1F36D11-A456-4B04-ABD2-F82EB77298BC}.Release|Win32.Build.0 = Release|Win32
	EndGlobalSection
	GlobalSection(SolutionProperties) = preSolution
		HideSolutionNode = FALSE
	EndGlobalSection
EndGlobal
